
Microsoft Visual Studio Solution File, Format Version 12.00
# Visual Studio Version 16
VisualStudioVersion = 16.0.29905.134
MinimumVisualStudioVersion = 10.0.40219.1
Project("{9A19103F-16F7-4668-BE54-9A1E7A4F7556}") = "ProductApi", "ProductApi\ProductApi.csproj", "{95DBF31E-391E-422F-8318-8F2866AFD0A0}"
EndProject
Global
	GlobalSection(SolutionConfigurationPlatforms) = preSolution
		Debug|Any CPU = Debug|Any CPU
		Release|Any CPU = Release|Any CPU
	EndGlobalSection
	GlobalSection(ProjectConfigurationPlatforms) = postSolution
		{95DBF31E-391E-422F-8318-8F2866AFD0A0}.Debug|Any CPU.ActiveCfg = Debug|Any CPU
		{95DBF31E-391E-422F-8318-8F2866AFD0A0}.Debug|Any CPU.Build.0 = Debug|Any CPU
		{95DBF31E-391E-422F-8318-8F2866AFD0A0}.Release|Any CPU.ActiveCfg = Release|Any CPU
		{95DBF31E-391E-422F-8318-8F2866AFD0A0}.Release|Any CPU.Build.0 = Release|Any CPU
	EndGlobalSection
	GlobalSection(SolutionProperties) = preSolution
		HideSolutionNode = FALSE
	EndGlobalSection
	GlobalSection(ExtensibilityGlobals) = postSolution
		SolutionGuid = {B75D36E1-31A6-4CCC-9E71-4A56A900841E}
	EndGlobalSection
EndGlobal
